{
 "_meta": {
  "file-type": "spack-lockfile",
  "lockfile-version": 2
 },
 "roots": [
  {
   "hash": "7qttcavst5ydrzofxn3fhpdzzxfddxpt",
   "spec": "hdf5@1.12.1+cxx+hl"
  },
  {
   "hash": "il3btrj4k5tgnmd3yhvfnk6vtmqtxhg6",
   "spec": "fftw@3.3.9+openmp"
  },
  {
   "hash": "ammh6uobyrtaigrzxzmrrh5kk746coih",
   "spec": "criterion-git"
  }
 ],
 "concrete_specs": {
  "7qttcavst5ydrzofxn3fhpdzzxfddxpt": {
   "hdf5": {
    "version": "1.12.1",
    "arch": {
     "platform": "darwin",
     "platform_os": "bigsur",
     "target": {
      "name": "skylake",
      "vendor": "GenuineIntel",
      "features": [
       "adx",
       "aes",
       "avx",
       "avx2",
       "bmi1",
       "bmi2",
       "clflushopt",
       "f16c",
       "fma",
       "mmx",
       "movbe",
       "pclmulqdq",
       "popcnt",
       "rdrand",
       "rdseed",
       "sse",
       "sse2",
       "sse4_1",
       "sse4_2",
       "ssse3",
       "xsavec",
       "xsaveopt"
      ],
      "generation": 0,
      "parents": [
       "broadwell"
      ]
     }
    },
    "compiler": {
     "name": "gcc",
     "version": "11.1.0"
    },
    "namespace": "builtin",
    "parameters": {
     "api": "default",
     "build_type": "RelWithDebInfo",
     "cxx": true,
     "fortran": false,
     "hl": true,
     "ipo": false,
     "java": false,
     "mpi": false,
     "shared": true,
     "szip": false,
     "threadsafe": false,
     "tools": true,
     "cflags": [],
     "cppflags": [],
     "cxxflags": [],
     "fflags": [],
     "ldflags": [],
     "ldlibs": []
    },
    "dependencies": {
     "cmake": {
      "hash": "dntkszc43eer63th2pjcqfbdppbmq7vy",
      "type": [
       "build"
      ]
     },
     "pkgconf": {
      "hash": "dpl2ah43btcwhu7ihvywi4k6mr4bhjj5",
      "type": [
       "run"
      ]
     },
     "zlib": {
      "hash": "oll4m2dh7d3vjpdlfpncdmeihx562kjr",
      "type": [
       "build",
       "link"
      ]
     }
    },
    "hash": "ojzgdinrzscib7b3kugt5nyscthx3eji"
   }
  },
  "dntkszc43eer63th2pjcqfbdppbmq7vy": {
   "cmake": {
    "version": "3.20.2",
    "arch": {
     "platform": "darwin",
     "platform_os": "bigsur",
     "target": {
      "name": "skylake",
      "vendor": "GenuineIntel",
      "features": [
       "adx",
       "aes",
       "avx",
       "avx2",
       "bmi1",
       "bmi2",
       "clflushopt",
       "f16c",
       "fma",
       "mmx",
       "movbe",
       "pclmulqdq",
       "popcnt",
       "rdrand",
       "rdseed",
       "sse",
       "sse2",
       "sse4_1",
       "sse4_2",
       "ssse3",
       "xsavec",
       "xsaveopt"
      ],
      "generation": 0,
      "parents": [
       "broadwell"
      ]
     }
    },
    "compiler": {
     "name": "gcc",
     "version": "11.1.0"
    },
    "namespace": "builtin",
    "parameters": {
     "build_type": "Release",
     "doc": false,
     "ncurses": true,
     "openssl": true,
     "ownlibs": true,
     "qt": false,
     "cflags": [],
     "cppflags": [],
     "cxxflags": [],
     "fflags": [],
     "ldflags": [],
     "ldlibs": []
    },
    "external": {
     "path": "/usr/local/Cellar/cmake/3.20.2",
     "module": null,
     "extra_attributes": {}
    },
    "hash": "dntkszc43eer63th2pjcqfbdppbmq7vy"
   }
  },
  "dpl2ah43btcwhu7ihvywi4k6mr4bhjj5": {
   "pkgconf": {
    "version": "1.7.4",
    "arch": {
     "platform": "darwin",
     "platform_os": "bigsur",
     "target": {
      "name": "skylake",
      "vendor": "GenuineIntel",
      "features": [
       "adx",
       "aes",
       "avx",
       "avx2",
       "bmi1",
       "bmi2",
       "clflushopt",
       "f16c",
       "fma",
       "mmx",
       "movbe",
       "pclmulqdq",
       "popcnt",
       "rdrand",
       "rdseed",
       "sse",
       "sse2",
       "sse4_1",
       "sse4_2",
       "ssse3",
       "xsavec",
       "xsaveopt"
      ],
      "generation": 0,
      "parents": [
       "broadwell"
      ]
     }
    },
    "compiler": {
     "name": "gcc",
     "version": "11.1.0"
    },
    "namespace": "builtin",
    "parameters": {
     "cflags": [],
     "cppflags": [],
     "cxxflags": [],
     "fflags": [],
     "ldflags": [],
     "ldlibs": []
    },
    "hash": "dpl2ah43btcwhu7ihvywi4k6mr4bhjj5"
   }
  },
  "oll4m2dh7d3vjpdlfpncdmeihx562kjr": {
   "zlib": {
    "version": "1.2.11",
    "arch": {
     "platform": "darwin",
     "platform_os": "bigsur",
     "target": {
      "name": "skylake",
      "vendor": "GenuineIntel",
      "features": [
       "adx",
       "aes",
       "avx",
       "avx2",
       "bmi1",
       "bmi2",
       "clflushopt",
       "f16c",
       "fma",
       "mmx",
       "movbe",
       "pclmulqdq",
       "popcnt",
       "rdrand",
       "rdseed",
       "sse",
       "sse2",
       "sse4_1",
       "sse4_2",
       "ssse3",
       "xsavec",
       "xsaveopt"
      ],
      "generation": 0,
      "parents": [
       "broadwell"
      ]
     }
    },
    "compiler": {
     "name": "gcc",
     "version": "11.1.0"
    },
    "namespace": "builtin",
    "parameters": {
     "optimize": true,
     "pic": true,
     "shared": true,
     "cflags": [],
     "cppflags": [],
     "cxxflags": [],
     "fflags": [],
     "ldflags": [],
     "ldlibs": []
    },
    "hash": "oll4m2dh7d3vjpdlfpncdmeihx562kjr"
   }
  },
  "il3btrj4k5tgnmd3yhvfnk6vtmqtxhg6": {
   "fftw": {
    "version": "3.3.9",
    "arch": {
     "platform": "darwin",
     "platform_os": "bigsur",
     "target": {
      "name": "skylake",
      "vendor": "GenuineIntel",
      "features": [
       "adx",
       "aes",
       "avx",
       "avx2",
       "bmi1",
       "bmi2",
       "clflushopt",
       "f16c",
       "fma",
       "mmx",
       "movbe",
       "pclmulqdq",
       "popcnt",
       "rdrand",
       "rdseed",
       "sse",
       "sse2",
       "sse4_1",
       "sse4_2",
       "ssse3",
       "xsavec",
       "xsaveopt"
      ],
      "generation": 0,
      "parents": [
       "broadwell"
      ]
     }
    },
    "compiler": {
     "name": "gcc",
     "version": "11.1.0"
    },
    "namespace": "builtin",
    "parameters": {
     "mpi": false,
     "openmp": true,
     "pfft_patches": false,
     "precision": [
      "double",
      "float"
     ],
     "cflags": [],
     "cppflags": [],
     "cxxflags": [],
     "fflags": [],
     "ldflags": [],
     "ldlibs": []
    },
    "hash": "il3btrj4k5tgnmd3yhvfnk6vtmqtxhg6"
   }
  },
  "ammh6uobyrtaigrzxzmrrh5kk746coih": {
   "criterion-git": {
    "version": "2.3.3",
    "arch": {
     "platform": "darwin",
     "platform_os": "bigsur",
     "target": {
      "name": "skylake",
      "vendor": "GenuineIntel",
      "features": [
       "adx",
       "aes",
       "avx",
       "avx2",
       "bmi1",
       "bmi2",
       "clflushopt",
       "f16c",
       "fma",
       "mmx",
       "movbe",
       "pclmulqdq",
       "popcnt",
       "rdrand",
       "rdseed",
       "sse",
       "sse2",
       "sse4_1",
       "sse4_2",
       "ssse3",
       "xsavec",
       "xsaveopt"
      ],
      "generation": 0,
      "parents": [
       "broadwell"
      ]
     }
    },
    "compiler": {
     "name": "gcc",
     "version": "11.1.0"
    },
    "namespace": "builtin",
    "parameters": {
     "build_type": "RelWithDebInfo",
     "ipo": false,
     "cflags": [],
     "cppflags": [],
     "cxxflags": [],
     "fflags": [],
     "ldflags": [],
     "ldlibs": []
    },
    "dependencies": {
     "cmake": {
      "hash": "dntkszc43eer63th2pjcqfbdppbmq7vy",
      "type": [
       "build"
      ]
     }
    },
    "hash": "elokvtblotc7h5hviaanwj3azl6m6ado"
   }
  }
 }
}